
Microsoft Visual Studio Solution File, Format Version 12.00
# Visual Studio 2012
Project("{FAE04EC0-301F-11D3-BF4B-00C04F79EFBC}") = "WebApplication", "WebApplication\WebApplication.csproj", "{100C0F9F-5482-44D6-A246-05171D316E8A}"
EndProject
Global
	GlobalSection(SolutionConfigurationPlatforms) = preSolution
		Debug|Any CPU = Debug|Any CPU
		Release|Any CPU = Release|Any CPU
	EndGlobalSection
	GlobalSection(ProjectConfigurationPlatforms) = postSolution
		{100C0F9F-5482-44D6-A246-05171D316E8A}.Debug|Any CPU.ActiveCfg = Debug|Any CPU
		{100C0F9F-5482-44D6-A246-05171D316E8A}.Debug|Any CPU.Build.0 = Debug|Any CPU
		{100C0F9F-5482-44D6-A246-05171D316E8A}.Release|Any CPU.ActiveCfg = Release|Any CPU
		{100C0F9F-5482-44D6-A246-05171D316E8A}.Release|Any CPU.Build.0 = Release|Any CPU
	EndGlobalSection
	GlobalSection(SolutionProperties) = preSolution
		HideSolutionNode = FALSE
	EndGlobalSection
EndGlobal
